// !$*UTF8*$!
{
	archiveVersion = 1;
	classes = {
	};
	objectVersion = 56;
	objects = {

/* Begin PBXBuildFile section */
		7422B346297855F400D203F8 /* HoroscopeAppApp.swift in Sources */ = {isa = PBXBuildFile; fileRef = 7422B345297855F400D203F8 /* HoroscopeAppApp.swift */; };
		7422B348297855F400D203F8 /* ContentView.swift in Sources */ = {isa = PBXBuildFile; fileRef = 7422B347297855F400D203F8 /* ContentView.swift */; };
		7422B34A297855F500D203F8 /* Assets.xcassets in Resources */ = {isa = PBXBuildFile; fileRef = 7422B349297855F500D203F8 /* Assets.xcassets */; };
		7422B34D297855F500D203F8 /* Preview Assets.xcassets in Resources */ = {isa = PBXBuildFile; fileRef = 7422B34C297855F500D203F8 /* Preview Assets.xcassets */; };
		7422B3552978561000D203F8 /* HoroscopeModel.swift in Sources */ = {isa = PBXBuildFile; fileRef = 7422B3542978561000D203F8 /* HoroscopeModel.swift */; };
		7422B35A2978568A00D203F8 /* HoroscopeViewModel.swift in Sources */ = {isa = PBXBuildFile; fileRef = 7422B3592978568A00D203F8 /* HoroscopeViewModel.swift */; };
		7444E0242979E702009B69B7 /* SavedHoroscopeView.swift in Sources */ = {isa = PBXBuildFile; fileRef = 7444E0232979E702009B69B7 /* SavedHoroscopeView.swift */; };
		7464D4A42978AC1C006E9718 /* HoroscopeView.swift in Sources */ = {isa = PBXBuildFile; fileRef = 7464D4A32978AC1C006E9718 /* HoroscopeView.swift */; };
		7464D4A62978B0D8006E9718 /* YesterdayView.swift in Sources */ = {isa = PBXBuildFile; fileRef = 7464D4A52978B0D8006E9718 /* YesterdayView.swift */; };
		7464D4A82978B0E3006E9718 /* TomorrowView.swift in Sources */ = {isa = PBXBuildFile; fileRef = 7464D4A72978B0E3006E9718 /* TomorrowView.swift */; };
		7464D4AA2978DDC2006E9718 /* ItemView.swift in Sources */ = {isa = PBXBuildFile; fileRef = 7464D4A92978DDC2006E9718 /* ItemView.swift */; };
		7464D4AC2978E3C8006E9718 /* DescriptionView.swift in Sources */ = {isa = PBXBuildFile; fileRef = 7464D4AB2978E3C8006E9718 /* DescriptionView.swift */; };
/* End PBXBuildFile section */

/* Begin PBXFileReference section */
		7422B342297855F400D203F8 /* HoroscopeApp.app */ = {isa = PBXFileReference; explicitFileType = wrapper.application; includeInIndex = 0; path = HoroscopeApp.app; sourceTree = BUILT_PRODUCTS_DIR; };
		7422B345297855F400D203F8 /* HoroscopeAppApp.swift */ = {isa = PBXFileReference; lastKnownFileType = sourcecode.swift; path = HoroscopeAppApp.swift; sourceTree = "<group>"; };
		7422B347297855F400D203F8 /* ContentView.swift */ = {isa = PBXFileReference; lastKnownFileType = sourcecode.swift; path = ContentView.swift; sourceTree = "<group>"; };
		7422B349297855F500D203F8 /* Assets.xcassets */ = {isa = PBXFileReference; lastKnownFileType = folder.assetcatalog; path = Assets.xcassets; sourceTree = "<group>"; };
		7422B34C297855F500D203F8 /* Preview Assets.xcassets */ = {isa = PBXFileReference; lastKnownFileType = folder.assetcatalog; path = "Preview Assets.xcassets"; sourceTree = "<group>"; };
		7422B3542978561000D203F8 /* HoroscopeModel.swift */ = {isa = PBXFileReference; lastKnownFileType = sourcecode.swift; path = HoroscopeModel.swift; sourceTree = "<group>"; };
		7422B3592978568A00D203F8 /* HoroscopeViewModel.swift */ = {isa = PBXFileReference; lastKnownFileType = sourcecode.swift; path = HoroscopeViewModel.swift; sourceTree = "<group>"; };
		7444E0232979E702009B69B7 /* SavedHoroscopeView.swift */ = {isa = PBXFileReference; lastKnownFileType = sourcecode.swift; path = SavedHoroscopeView.swift; sourceTree = "<group>"; };
		7464D4A32978AC1C006E9718 /* HoroscopeView.swift */ = {isa = PBXFileReference; lastKnownFileType = sourcecode.swift; path = HoroscopeView.swift; sourceTree = "<group>"; };
		7464D4A52978B0D8006E9718 /* YesterdayView.swift */ = {isa = PBXFileReference; lastKnownFileType = sourcecode.swift; path = YesterdayView.swift; sourceTree = "<group>"; };
		7464D4A72978B0E3006E9718 /* TomorrowView.swift */ = {isa = PBXFileReference; lastKnownFileType = sourcecode.swift; path = TomorrowView.swift; sourceTree = "<group>"; };
		7464D4A92978DDC2006E9718 /* ItemView.swift */ = {isa = PBXFileReference; lastKnownFileType = sourcecode.swift; path = ItemView.swift; sourceTree = "<group>"; };
		7464D4AB2978E3C8006E9718 /* DescriptionView.swift */ = {isa = PBXFileReference; lastKnownFileType = sourcecode.swift; path = DescriptionView.swift; sourceTree = "<group>"; };
/* End PBXFileReference section */

/* Begin PBXFrameworksBuildPhase section */
		7422B33F297855F400D203F8 /* Frameworks */ = {
			isa = PBXFrameworksBuildPhase;
			buildActionMask = 2147483647;
			files = (
			);
			runOnlyForDeploymentPostprocessing = 0;
		};
/* End PBXFrameworksBuildPhase section */

/* Begin PBXGroup section */
		7422B339297855F400D203F8 = {
			isa = PBXGroup;
			children = (
				7422B344297855F400D203F8 /* HoroscopeApp */,
				7422B343297855F400D203F8 /* Products */,
			);
			sourceTree = "<group>";
		};
		7422B343297855F400D203F8 /* Products */ = {
			isa = PBXGroup;
			children = (
				7422B342297855F400D203F8 /* HoroscopeApp.app */,
			);
			name = Products;
			sourceTree = "<group>";
		};
		7422B344297855F400D203F8 /* HoroscopeApp */ = {
			isa = PBXGroup;
			children = (
				7422B3582978564100D203F8 /* ViewModels */,
				7422B3572978563600D203F8 /* Views */,
				7422B3532978560100D203F8 /* Models */,
				7422B345297855F400D203F8 /* HoroscopeAppApp.swift */,
				7422B349297855F500D203F8 /* Assets.xcassets */,
				7422B34B297855F500D203F8 /* Preview Content */,
			);
			path = HoroscopeApp;
			sourceTree = "<group>";
		};
		7422B34B297855F500D203F8 /* Preview Content */ = {
			isa = PBXGroup;
			children = (
				7422B34C297855F500D203F8 /* Preview Assets.xcassets */,
			);
			path = "Preview Content";
			sourceTree = "<group>";
		};
		7422B3532978560100D203F8 /* Models */ = {
			isa = PBXGroup;
			children = (
				7422B3542978561000D203F8 /* HoroscopeModel.swift */,
			);
			path = Models;
			sourceTree = "<group>";
		};
		7422B3572978563600D203F8 /* Views */ = {
			isa = PBXGroup;
			children = (
				7422B347297855F400D203F8 /* ContentView.swift */,
				7464D4A32978AC1C006E9718 /* HoroscopeView.swift */,
				7464D4A52978B0D8006E9718 /* YesterdayView.swift */,
				7464D4A72978B0E3006E9718 /* TomorrowView.swift */,
				7464D4A92978DDC2006E9718 /* ItemView.swift */,
				7464D4AB2978E3C8006E9718 /* DescriptionView.swift */,
				7444E0232979E702009B69B7 /* SavedHoroscopeView.swift */,
			);
			path = Views;
			sourceTree = "<group>";
		};
		7422B3582978564100D203F8 /* ViewModels */ = {
			isa = PBXGroup;
			children = (
				7422B3592978568A00D203F8 /* HoroscopeViewModel.swift */,
			);
			path = ViewModels;
			sourceTree = "<group>";
		};
/* End PBXGroup section */

/* Begin PBXNativeTarget section */
		7422B341297855F400D203F8 /* HoroscopeApp */ = {
			isa = PBXNativeTarget;
			buildConfigurationList = 7422B350297855F500D203F8 /* Build configuration list for PBXNativeTarget "HoroscopeApp" */;
			buildPhases = (
				7422B33E297855F400D203F8 /* Sources */,
				7422B33F297855F400D203F8 /* Frameworks */,
				7422B340297855F400D203F8 /* Resources */,
			);
			buildRules = (
			);
			dependencies = (
			);
			name = HoroscopeApp;
			productName = HoroscopeApp;
			productReference = 7422B342297855F400D203F8 /* HoroscopeApp.app */;
			productType = "com.apple.product-type.application";
		};
/* End PBXNativeTarget section */

/* Begin PBXProject section */
		7422B33A297855F400D203F8 /* Project object */ = {
			isa = PBXProject;
			attributes = {
				BuildIndependentTargetsInParallel = 1;
				LastSwiftUpdateCheck = 1400;
				LastUpgradeCheck = 1400;
				TargetAttributes = {
					7422B341297855F400D203F8 = {
						CreatedOnToolsVersion = 14.0;
					};
				};
			};
			buildConfigurationList = 7422B33D297855F400D203F8 /* Build configuration list for PBXProject "HoroscopeApp" */;
			compatibilityVersion = "Xcode 14.0";
			developmentRegion = en;
			hasScannedForEncodings = 0;
			knownRegions = (
				en,
				Base,
			);
			mainGroup = 7422B339297855F400D203F8;
			productRefGroup = 7422B343297855F400D203F8 /* Products */;
			projectDirPath = "";
			projectRoot = "";
			targets = (
				7422B341297855F400D203F8 /* HoroscopeApp */,
			);
		};
/* End PBXProject section */

/* Begin PBXResourcesBuildPhase section */
		7422B340297855F400D203F8 /* Resources */ = {
			isa = PBXResourcesBuildPhase;
			buildActionMask = 2147483647;
			files = (
				7422B34D297855F500D203F8 /* Preview Assets.xcassets in Resources */,
				7422B34A297855F500D203F8 /* Assets.xcassets in Resources */,
			);
			runOnlyForDeploymentPostprocessing = 0;
		};
/* End PBXResourcesBuildPhase section */

/* Begin PBXSourcesBuildPhase section */
		7422B33E297855F400D203F8 /* Sources */ = {
			isa = PBXSourcesBuildPhase;
			buildActionMask = 2147483647;
			files = (
				7422B348297855F400D203F8 /* ContentView.swift in Sources */,
				7444E0242979E702009B69B7 /* SavedHoroscopeView.swift in Sources */,
				7464D4A42978AC1C006E9718 /* HoroscopeView.swift in Sources */,
				7422B35A2978568A00D203F8 /* HoroscopeViewModel.swift in Sources */,
				7464D4AC2978E3C8006E9718 /* DescriptionView.swift in Sources */,
				7464D4AA2978DDC2006E9718 /* ItemView.swift in Sources */,
				7422B346297855F400D203F8 /* HoroscopeAppApp.swift in Sources */,
				7422B3552978561000D203F8 /* HoroscopeModel.swift in Sources */,
				7464D4A82978B0E3006E9718 /* TomorrowView.swift in Sources */,
				7464D4A62978B0D8006E9718 /* YesterdayView.swift in Sources */,
			);
			runOnlyForDeploymentPostprocessing = 0;
		};
/* End PBXSourcesBuildPhase section */

/* Begin XCBuildConfiguration section */
		7422B34E297855F500D203F8 /* Debug */ = {
			isa = XCBuildConfiguration;
			buildSettings = {
				ALWAYS_SEARCH_USER_PATHS = NO;
				CLANG_ANALYZER_NONNULL = YES;
				CLANG_ANALYZER_NUMBER_OBJECT_CONVERSION = YES_AGGRESSIVE;
				CLANG_CXX_LANGUAGE_STANDARD = "gnu++20";
				CLANG_ENABLE_MODULES = YES;
				CLANG_ENABLE_OBJC_ARC = YES;
				CLANG_ENABLE_OBJC_WEAK = YES;
				CLANG_WARN_BLOCK_CAPTURE_AUTORELEASING = YES;
				CLANG_WARN_BOOL_CONVERSION = YES;
				CLANG_WARN_COMMA = YES;
				CLANG_WARN_CONSTANT_CONVERSION = YES;
				CLANG_WARN_DEPRECATED_OBJC_IMPLEMENTATIONS = YES;
				CLANG_WARN_DIRECT_OBJC_ISA_USAGE = YES_ERROR;
				CLANG_WARN_DOCUMENTATION_COMMENTS = YES;
				CLANG_WARN_EMPTY_BODY = YES;
				CLANG_WARN_ENUM_CONVERSION = YES;
				CLANG_WARN_INFINITE_RECURSION = YES;
				CLANG_WARN_INT_CONVERSION = YES;
				CLANG_WARN_NON_LITERAL_NULL_CONVERSION = YES;
				CLANG_WARN_OBJC_IMPLICIT_RETAIN_SELF = YES;
				CLANG_WARN_OBJC_LITERAL_CONVERSION = YES;
				CLANG_WARN_OBJC_ROOT_CLASS = YES_ERROR;
				CLANG_WARN_QUOTED_INCLUDE_IN_FRAMEWORK_HEADER = YES;
				CLANG_WARN_RANGE_LOOP_ANALYSIS = YES;
				CLANG_WARN_STRICT_PROTOTYPES = YES;
				CLANG_WARN_SUSPICIOUS_MOVE = YES;
				CLANG_WARN_UNGUARDED_AVAILABILITY = YES_AGGRESSIVE;
				CLANG_WARN_UNREACHABLE_CODE = YES;
				CLANG_WARN__DUPLICATE_METHOD_MATCH = YES;
				COPY_PHASE_STRIP = NO;
				DEBUG_INFORMATION_FORMAT = dwarf;
				ENABLE_STRICT_OBJC_MSGSEND = YES;
				ENABLE_TESTABILITY = YES;
				GCC_C_LANGUAGE_STANDARD = gnu11;
				GCC_DYNAMIC_NO_PIC = NO;
				GCC_NO_COMMON_BLOCKS = YES;
				GCC_OPTIMIZATION_LEVEL = 0;
				GCC_PREPROCESSOR_DEFINITIONS = (
					"DEBUG=1",
					"$(inherited)",
				);
				GCC_WARN_64_TO_32_BIT_CONVERSION = YES;
				GCC_WARN_ABOUT_RETURN_TYPE = YES_ERROR;
				GCC_WARN_UNDECLARED_SELECTOR = YES;
				GCC_WARN_UNINITIALIZED_AUTOS = YES_AGGRESSIVE;
				GCC_WARN_UNUSED_FUNCTION = YES;
				GCC_WARN_UNUSED_VARIABLE = YES;
				IPHONEOS_DEPLOYMENT_TARGET = 16.0;
				MTL_ENABLE_DEBUG_INFO = INCLUDE_SOURCE;
				MTL_FAST_MATH = YES;
				ONLY_ACTIVE_ARCH = YES;
				SDKROOT = iphoneos;
				SWIFT_ACTIVE_COMPILATION_CONDITIONS = DEBUG;
				SWIFT_OPTIMIZATION_LEVEL = "-Onone";
			};
			name = Debug;
		};
		7422B34F297855F500D203F8 /* Release */ = {
			isa = XCBuildConfiguration;
			buildSettings = {
				ALWAYS_SEARCH_USER_PATHS = NO;
				CLANG_ANALYZER_NONNULL = YES;
				CLANG_ANALYZER_NUMBER_OBJECT_CONVERSION = YES_AGGRESSIVE;
				CLANG_CXX_LANGUAGE_STANDARD = "gnu++20";
				CLANG_ENABLE_MODULES = YES;
				CLANG_ENABLE_OBJC_ARC = YES;
				CLANG_ENABLE_OBJC_WEAK = YES;
				CLANG_WARN_BLOCK_CAPTURE_AUTORELEASING = YES;
				CLANG_WARN_BOOL_CONVERSION = YES;
				CLANG_WARN_COMMA = YES;
				CLANG_WARN_CONSTANT_CONVERSION = YES;
				CLANG_WARN_DEPRECATED_OBJC_IMPLEMENTATIONS = YES;
				CLANG_WARN_DIRECT_OBJC_ISA_USAGE = YES_ERROR;
				CLANG_WARN_DOCUMENTATION_COMMENTS = YES;
				CLANG_WARN_EMPTY_BODY = YES;
				CLANG_WARN_ENUM_CONVERSION = YES;
				CLANG_WARN_INFINITE_RECURSION = YES;
				CLANG_WARN_INT_CONVERSION = YES;
				CLANG_WARN_NON_LITERAL_NULL_CONVERSION = YES;
				CLANG_WARN_OBJC_IMPLICIT_RETAIN_SELF = YES;
				CLANG_WARN_OBJC_LITERAL_CONVERSION = YES;
				CLANG_WARN_OBJC_ROOT_CLASS = YES_ERROR;
				CLANG_WARN_QUOTED_INCLUDE_IN_FRAMEWORK_HEADER = YES;
				CLANG_WARN_RANGE_LOOP_ANALYSIS = YES;
				CLANG_WARN_STRICT_PROTOTYPES = YES;
				CLANG_WARN_SUSPICIOUS_MOVE = YES;
				CLANG_WARN_UNGUARDED_AVAILABILITY = YES_AGGRESSIVE;
				CLANG_WARN_UNREACHABLE_CODE = YES;
				CLANG_WARN__DUPLICATE_METHOD_MATCH = YES;
				COPY_PHASE_STRIP = NO;
				DEBUG_INFORMATION_FORMAT = "dwarf-with-dsym";
				ENABLE_NS_ASSERTIONS = NO;
				ENABLE_STRICT_OBJC_MSGSEND = YES;
				GCC_C_LANGUAGE_STANDARD = gnu11;
				GCC_NO_COMMON_BLOCKS = YES;
				GCC_WARN_64_TO_32_BIT_CONVERSION = YES;
				GCC_WARN_ABOUT_RETURN_TYPE = YES_ERROR;
				GCC_WARN_UNDECLARED_SELECTOR = YES;
				GCC_WARN_UNINITIALIZED_AUTOS = YES_AGGRESSIVE;
				GCC_WARN_UNUSED_FUNCTION = YES;
				GCC_WARN_UNUSED_VARIABLE = YES;
				IPHONEOS_DEPLOYMENT_TARGET = 16.0;
				MTL_ENABLE_DEBUG_INFO = NO;
				MTL_FAST_MATH = YES;
				SDKROOT = iphoneos;
				SWIFT_COMPILATION_MODE = wholemodule;
				SWIFT_OPTIMIZATION_LEVEL = "-O";
				VALIDATE_PRODUCT = YES;
			};
			name = Release;
		};
		7422B351297855F500D203F8 /* Debug */ = {
			isa = XCBuildConfiguration;
			buildSettings = {
				ASSETCATALOG_COMPILER_APPICON_NAME = AppIcon;
				ASSETCATALOG_COMPILER_GLOBAL_ACCENT_COLOR_NAME = AccentColor;
				CODE_SIGN_STYLE = Automatic;
				CURRENT_PROJECT_VERSION = 1;
				DEVELOPMENT_ASSET_PATHS = "\"HoroscopeApp/Preview Content\"";
				DEVELOPMENT_TEAM = QGGPJQ69Y2;
				ENABLE_PREVIEWS = YES;
				GENERATE_INFOPLIST_FILE = YES;
				INFOPLIST_KEY_UIApplicationSceneManifest_Generation = YES;
				INFOPLIST_KEY_UIApplicationSupportsIndirectInputEvents = YES;
				INFOPLIST_KEY_UILaunchScreen_Generation = YES;
				INFOPLIST_KEY_UISupportedInterfaceOrientations_iPad = "UIInterfaceOrientationPortrait UIInterfaceOrientationPortraitUpsideDown UIInterfaceOrientationLandscapeLeft UIInterfaceOrientationLandscapeRight";
				INFOPLIST_KEY_UISupportedInterfaceOrientations_iPhone = "UIInterfaceOrientationPortrait UIInterfaceOrientationLandscapeLeft UIInterfaceOrientationLandscapeRight";
				LD_RUNPATH_SEARCH_PATHS = (
					"$(inherited)",
					"@executable_path/Frameworks",
				);
				MARKETING_VERSION = 1.0;
				PRODUCT_BUNDLE_IDENTIFIER = "App-Team.HoroscopeApp";
				PRODUCT_NAME = "$(TARGET_NAME)";
				SWIFT_EMIT_LOC_STRINGS = YES;
				SWIFT_VERSION = 5.0;
				TARGETED_DEVICE_FAMILY = "1,2";
			};
			name = Debug;
		};
		7422B352297855F500D203F8 /* Release */ = {
			isa = XCBuildConfiguration;
			buildSettings = {
				ASSETCATALOG_COMPILER_APPICON_NAME = AppIcon;
				ASSETCATALOG_COMPILER_GLOBAL_ACCENT_COLOR_NAME = AccentColor;
				CODE_SIGN_STYLE = Automatic;
				CURRENT_PROJECT_VERSION = 1;
				DEVELOPMENT_ASSET_PATHS = "\"HoroscopeApp/Preview Content\"";
				DEVELOPMENT_TEAM = QGGPJQ69Y2;
				ENABLE_PREVIEWS = YES;
				GENERATE_INFOPLIST_FILE = YES;
				INFOPLIST_KEY_UIApplicationSceneManifest_Generation = YES;
				INFOPLIST_KEY_UIApplicationSupportsIndirectInputEvents = YES;
				INFOPLIST_KEY_UILaunchScreen_Generation = YES;
				INFOPLIST_KEY_UISupportedInterfaceOrientations_iPad = "UIInterfaceOrientationPortrait UIInterfaceOrientationPortraitUpsideDown UIInterfaceOrientationLandscapeLeft UIInterfaceOrientationLandscapeRight";
				INFOPLIST_KEY_UISupportedInterfaceOrientations_iPhone = "UIInterfaceOrientationPortrait UIInterfaceOrientationLandscapeLeft UIInterfaceOrientationLandscapeRight";
				LD_RUNPATH_SEARCH_PATHS = (
					"$(inherited)",
					"@executable_path/Frameworks",
				);
				MARKETING_VERSION = 1.0;
				PRODUCT_BUNDLE_IDENTIFIER = "App-Team.HoroscopeApp";
				PRODUCT_NAME = "$(TARGET_NAME)";
				SWIFT_EMIT_LOC_STRINGS = YES;
				SWIFT_VERSION = 5.0;
				TARGETED_DEVICE_FAMILY = "1,2";
			};
			name = Release;
		};
/* End XCBuildConfiguration section */

/* Begin XCConfigurationList section */
		7422B33D297855F400D203F8 /* Build configuration list for PBXProject "HoroscopeApp" */ = {
			isa = XCConfigurationList;
			buildConfigurations = (
				7422B34E297855F500D203F8 /* Debug */,
				7422B34F297855F500D203F8 /* Release */,
			);
			defaultConfigurationIsVisible = 0;
			defaultConfigurationName = Release;
		};
		7422B350297855F500D203F8 /* Build configuration list for PBXNativeTarget "HoroscopeApp" */ = {
			isa = XCConfigurationList;
			buildConfigurations = (
				7422B351297855F500D203F8 /* Debug */,
				7422B352297855F500D203F8 /* Release */,
			);
			defaultConfigurationIsVisible = 0;
			defaultConfigurationName = Release;
		};
/* End XCConfigurationList section */
	};
	rootObject = 7422B33A297855F400D203F8 /* Project object */;
}
